// !$*UTF8*$!
{
	archiveVersion = 1;
	classes = {
	};
	objectVersion = 56;
	objects = {

/* Begin PBXBuildFile section */
		14C19BDA2C5E7E5D00BD155B /* SnowSeekerApp.swift in Sources */ = {isa = PBXBuildFile; fileRef = 14C19BD92C5E7E5D00BD155B /* SnowSeekerApp.swift */; };
		14C19BDC2C5E7E5D00BD155B /* ContentView.swift in Sources */ = {isa = PBXBuildFile; fileRef = 14C19BDB2C5E7E5D00BD155B /* ContentView.swift */; };
		14C19BDE2C5E7E5F00BD155B /* Assets.xcassets in Resources */ = {isa = PBXBuildFile; fileRef = 14C19BDD2C5E7E5F00BD155B /* Assets.xcassets */; };
		14C19BE12C5E7E5F00BD155B /* Preview Assets.xcassets in Resources */ = {isa = PBXBuildFile; fileRef = 14C19BE02C5E7E5F00BD155B /* Preview Assets.xcassets */; };
		14C19BE82C61385500BD155B /* resorts.json in Resources */ = {isa = PBXBuildFile; fileRef = 14C19BE72C61385500BD155B /* resorts.json */; };
		14C19BEA2C6138A500BD155B /* Resort.swift in Sources */ = {isa = PBXBuildFile; fileRef = 14C19BE92C6138A500BD155B /* Resort.swift */; };
		14C19BEC2C61390B00BD155B /* BundleExtension.swift in Sources */ = {isa = PBXBuildFile; fileRef = 14C19BEB2C61390B00BD155B /* BundleExtension.swift */; };
		14C19BEE2C613B7100BD155B /* WelcomeView.swift in Sources */ = {isa = PBXBuildFile; fileRef = 14C19BED2C613B7100BD155B /* WelcomeView.swift */; };
		14C19BF02C613EE900BD155B /* ResortView.swift in Sources */ = {isa = PBXBuildFile; fileRef = 14C19BEF2C613EE900BD155B /* ResortView.swift */; };
		14C19BF22C613FA200BD155B /* SkiDetailsView.swift in Sources */ = {isa = PBXBuildFile; fileRef = 14C19BF12C613FA200BD155B /* SkiDetailsView.swift */; };
		14C19BF42C61400E00BD155B /* ResortDetailsView.swift in Sources */ = {isa = PBXBuildFile; fileRef = 14C19BF32C61400E00BD155B /* ResortDetailsView.swift */; };
		14C19BF62C614D4000BD155B /* Facility.swift in Sources */ = {isa = PBXBuildFile; fileRef = 14C19BF52C614D4000BD155B /* Facility.swift */; };
		14C19BF82C61566F00BD155B /* Favorites.swift in Sources */ = {isa = PBXBuildFile; fileRef = 14C19BF72C61566F00BD155B /* Favorites.swift */; };
/* End PBXBuildFile section */

/* Begin PBXFileReference section */
		14C19BD62C5E7E5D00BD155B /* SnowSeeker.app */ = {isa = PBXFileReference; explicitFileType = wrapper.application; includeInIndex = 0; path = SnowSeeker.app; sourceTree = BUILT_PRODUCTS_DIR; };
		14C19BD92C5E7E5D00BD155B /* SnowSeekerApp.swift */ = {isa = PBXFileReference; lastKnownFileType = sourcecode.swift; path = SnowSeekerApp.swift; sourceTree = "<group>"; };
		14C19BDB2C5E7E5D00BD155B /* ContentView.swift */ = {isa = PBXFileReference; lastKnownFileType = sourcecode.swift; path = ContentView.swift; sourceTree = "<group>"; };
		14C19BDD2C5E7E5F00BD155B /* Assets.xcassets */ = {isa = PBXFileReference; lastKnownFileType = folder.assetcatalog; path = Assets.xcassets; sourceTree = "<group>"; };
		14C19BE02C5E7E5F00BD155B /* Preview Assets.xcassets */ = {isa = PBXFileReference; lastKnownFileType = folder.assetcatalog; path = "Preview Assets.xcassets"; sourceTree = "<group>"; };
		14C19BE72C61385500BD155B /* resorts.json */ = {isa = PBXFileReference; fileEncoding = 4; lastKnownFileType = text.json; path = resorts.json; sourceTree = "<group>"; };
		14C19BE92C6138A500BD155B /* Resort.swift */ = {isa = PBXFileReference; lastKnownFileType = sourcecode.swift; path = Resort.swift; sourceTree = "<group>"; };
		14C19BEB2C61390B00BD155B /* BundleExtension.swift */ = {isa = PBXFileReference; lastKnownFileType = sourcecode.swift; path = BundleExtension.swift; sourceTree = "<group>"; };
		14C19BED2C613B7100BD155B /* WelcomeView.swift */ = {isa = PBXFileReference; lastKnownFileType = sourcecode.swift; path = WelcomeView.swift; sourceTree = "<group>"; };
		14C19BEF2C613EE900BD155B /* ResortView.swift */ = {isa = PBXFileReference; lastKnownFileType = sourcecode.swift; path = ResortView.swift; sourceTree = "<group>"; };
		14C19BF12C613FA200BD155B /* SkiDetailsView.swift */ = {isa = PBXFileReference; lastKnownFileType = sourcecode.swift; path = SkiDetailsView.swift; sourceTree = "<group>"; };
		14C19BF32C61400E00BD155B /* ResortDetailsView.swift */ = {isa = PBXFileReference; lastKnownFileType = sourcecode.swift; path = ResortDetailsView.swift; sourceTree = "<group>"; };
		14C19BF52C614D4000BD155B /* Facility.swift */ = {isa = PBXFileReference; lastKnownFileType = sourcecode.swift; path = Facility.swift; sourceTree = "<group>"; };
		14C19BF72C61566F00BD155B /* Favorites.swift */ = {isa = PBXFileReference; lastKnownFileType = sourcecode.swift; path = Favorites.swift; sourceTree = "<group>"; };
/* End PBXFileReference section */

/* Begin PBXFrameworksBuildPhase section */
		14C19BD32C5E7E5D00BD155B /* Frameworks */ = {
			isa = PBXFrameworksBuildPhase;
			buildActionMask = 2147483647;
			files = (
			);
			runOnlyForDeploymentPostprocessing = 0;
		};
/* End PBXFrameworksBuildPhase section */

/* Begin PBXGroup section */
		14C19BCD2C5E7E5D00BD155B = {
			isa = PBXGroup;
			children = (
				14C19BD82C5E7E5D00BD155B /* SnowSeeker */,
				14C19BD72C5E7E5D00BD155B /* Products */,
			);
			sourceTree = "<group>";
		};
		14C19BD72C5E7E5D00BD155B /* Products */ = {
			isa = PBXGroup;
			children = (
				14C19BD62C5E7E5D00BD155B /* SnowSeeker.app */,
			);
			name = Products;
			sourceTree = "<group>";
		};
		14C19BD82C5E7E5D00BD155B /* SnowSeeker */ = {
			isa = PBXGroup;
			children = (
				14C19BD92C5E7E5D00BD155B /* SnowSeekerApp.swift */,
				14C19BDB2C5E7E5D00BD155B /* ContentView.swift */,
				14C19BE92C6138A500BD155B /* Resort.swift */,
				14C19BE72C61385500BD155B /* resorts.json */,
				14C19BEF2C613EE900BD155B /* ResortView.swift */,
				14C19BF32C61400E00BD155B /* ResortDetailsView.swift */,
				14C19BF72C61566F00BD155B /* Favorites.swift */,
				14C19BF52C614D4000BD155B /* Facility.swift */,
				14C19BF12C613FA200BD155B /* SkiDetailsView.swift */,
				14C19BED2C613B7100BD155B /* WelcomeView.swift */,
				14C19BEB2C61390B00BD155B /* BundleExtension.swift */,
				14C19BDD2C5E7E5F00BD155B /* Assets.xcassets */,
				14C19BDF2C5E7E5F00BD155B /* Preview Content */,
			);
			path = SnowSeeker;
			sourceTree = "<group>";
		};
		14C19BDF2C5E7E5F00BD155B /* Preview Content */ = {
			isa = PBXGroup;
			children = (
				14C19BE02C5E7E5F00BD155B /* Preview Assets.xcassets */,
			);
			path = "Preview Content";
			sourceTree = "<group>";
		};
/* End PBXGroup section */

/* Begin PBXNativeTarget section */
		14C19BD52C5E7E5D00BD155B /* SnowSeeker */ = {
			isa = PBXNativeTarget;
			buildConfigurationList = 14C19BE42C5E7E5F00BD155B /* Build configuration list for PBXNativeTarget "SnowSeeker" */;
			buildPhases = (
				14C19BD22C5E7E5D00BD155B /* Sources */,
				14C19BD32C5E7E5D00BD155B /* Frameworks */,
				14C19BD42C5E7E5D00BD155B /* Resources */,
			);
			buildRules = (
			);
			dependencies = (
			);
			name = SnowSeeker;
			productName = SnowSeeker;
			productReference = 14C19BD62C5E7E5D00BD155B /* SnowSeeker.app */;
			productType = "com.apple.product-type.application";
		};
/* End PBXNativeTarget section */

/* Begin PBXProject section */
		14C19BCE2C5E7E5D00BD155B /* Project object */ = {
			isa = PBXProject;
			attributes = {
				BuildIndependentTargetsInParallel = 1;
				LastSwiftUpdateCheck = 1540;
				LastUpgradeCheck = 1540;
				TargetAttributes = {
					14C19BD52C5E7E5D00BD155B = {
						CreatedOnToolsVersion = 15.4;
					};
				};
			};
			buildConfigurationList = 14C19BD12C5E7E5D00BD155B /* Build configuration list for PBXProject "SnowSeeker" */;
			compatibilityVersion = "Xcode 14.0";
			developmentRegion = en;
			hasScannedForEncodings = 0;
			knownRegions = (
				en,
				Base,
			);
			mainGroup = 14C19BCD2C5E7E5D00BD155B;
			productRefGroup = 14C19BD72C5E7E5D00BD155B /* Products */;
			projectDirPath = "";
			projectRoot = "";
			targets = (
				14C19BD52C5E7E5D00BD155B /* SnowSeeker */,
			);
		};
/* End PBXProject section */

/* Begin PBXResourcesBuildPhase section */
		14C19BD42C5E7E5D00BD155B /* Resources */ = {
			isa = PBXResourcesBuildPhase;
			buildActionMask = 2147483647;
			files = (
				14C19BE82C61385500BD155B /* resorts.json in Resources */,
				14C19BE12C5E7E5F00BD155B /* Preview Assets.xcassets in Resources */,
				14C19BDE2C5E7E5F00BD155B /* Assets.xcassets in Resources */,
			);
			runOnlyForDeploymentPostprocessing = 0;
		};
/* End PBXResourcesBuildPhase section */

/* Begin PBXSourcesBuildPhase section */
		14C19BD22C5E7E5D00BD155B /* Sources */ = {
			isa = PBXSourcesBuildPhase;
			buildActionMask = 2147483647;
			files = (
				14C19BEE2C613B7100BD155B /* WelcomeView.swift in Sources */,
				14C19BF22C613FA200BD155B /* SkiDetailsView.swift in Sources */,
				14C19BF42C61400E00BD155B /* ResortDetailsView.swift in Sources */,
				14C19BF82C61566F00BD155B /* Favorites.swift in Sources */,
				14C19BF62C614D4000BD155B /* Facility.swift in Sources */,
				14C19BDC2C5E7E5D00BD155B /* ContentView.swift in Sources */,
				14C19BEA2C6138A500BD155B /* Resort.swift in Sources */,
				14C19BF02C613EE900BD155B /* ResortView.swift in Sources */,
				14C19BDA2C5E7E5D00BD155B /* SnowSeekerApp.swift in Sources */,
				14C19BEC2C61390B00BD155B /* BundleExtension.swift in Sources */,
			);
			runOnlyForDeploymentPostprocessing = 0;
		};
/* End PBXSourcesBuildPhase section */

/* Begin XCBuildConfiguration section */
		14C19BE22C5E7E5F00BD155B /* Debug */ = {
			isa = XCBuildConfiguration;
			buildSettings = {
				ALWAYS_SEARCH_USER_PATHS = NO;
				ASSETCATALOG_COMPILER_GENERATE_SWIFT_ASSET_SYMBOL_EXTENSIONS = YES;
				CLANG_ANALYZER_NONNULL = YES;
				CLANG_ANALYZER_NUMBER_OBJECT_CONVERSION = YES_AGGRESSIVE;
				CLANG_CXX_LANGUAGE_STANDARD = "gnu++20";
				CLANG_ENABLE_MODULES = YES;
				CLANG_ENABLE_OBJC_ARC = YES;
				CLANG_ENABLE_OBJC_WEAK = YES;
				CLANG_WARN_BLOCK_CAPTURE_AUTORELEASING = YES;
				CLANG_WARN_BOOL_CONVERSION = YES;
				CLANG_WARN_COMMA = YES;
				CLANG_WARN_CONSTANT_CONVERSION = YES;
				CLANG_WARN_DEPRECATED_OBJC_IMPLEMENTATIONS = YES;
				CLANG_WARN_DIRECT_OBJC_ISA_USAGE = YES_ERROR;
				CLANG_WARN_DOCUMENTATION_COMMENTS = YES;
				CLANG_WARN_EMPTY_BODY = YES;
				CLANG_WARN_ENUM_CONVERSION = YES;
				CLANG_WARN_INFINITE_RECURSION = YES;
				CLANG_WARN_INT_CONVERSION = YES;
				CLANG_WARN_NON_LITERAL_NULL_CONVERSION = YES;
				CLANG_WARN_OBJC_IMPLICIT_RETAIN_SELF = YES;
				CLANG_WARN_OBJC_LITERAL_CONVERSION = YES;
				CLANG_WARN_OBJC_ROOT_CLASS = YES_ERROR;
				CLANG_WARN_QUOTED_INCLUDE_IN_FRAMEWORK_HEADER = YES;
				CLANG_WARN_RANGE_LOOP_ANALYSIS = YES;
				CLANG_WARN_STRICT_PROTOTYPES = YES;
				CLANG_WARN_SUSPICIOUS_MOVE = YES;
				CLANG_WARN_UNGUARDED_AVAILABILITY = YES_AGGRESSIVE;
				CLANG_WARN_UNREACHABLE_CODE = YES;
				CLANG_WARN__DUPLICATE_METHOD_MATCH = YES;
				COPY_PHASE_STRIP = NO;
				DEBUG_INFORMATION_FORMAT = dwarf;
				ENABLE_STRICT_OBJC_MSGSEND = YES;
				ENABLE_TESTABILITY = YES;
				ENABLE_USER_SCRIPT_SANDBOXING = YES;
				GCC_C_LANGUAGE_STANDARD = gnu17;
				GCC_DYNAMIC_NO_PIC = NO;
				GCC_NO_COMMON_BLOCKS = YES;
				GCC_OPTIMIZATION_LEVEL = 0;
				GCC_PREPROCESSOR_DEFINITIONS = (
					"DEBUG=1",
					"$(inherited)",
				);
				GCC_WARN_64_TO_32_BIT_CONVERSION = YES;
				GCC_WARN_ABOUT_RETURN_TYPE = YES_ERROR;
				GCC_WARN_UNDECLARED_SELECTOR = YES;
				GCC_WARN_UNINITIALIZED_AUTOS = YES_AGGRESSIVE;
				GCC_WARN_UNUSED_FUNCTION = YES;
				GCC_WARN_UNUSED_VARIABLE = YES;
				IPHONEOS_DEPLOYMENT_TARGET = 17.5;
				LOCALIZATION_PREFERS_STRING_CATALOGS = YES;
				MTL_ENABLE_DEBUG_INFO = INCLUDE_SOURCE;
				MTL_FAST_MATH = YES;
				ONLY_ACTIVE_ARCH = YES;
				SDKROOT = iphoneos;
				SWIFT_ACTIVE_COMPILATION_CONDITIONS = "DEBUG $(inherited)";
				SWIFT_OPTIMIZATION_LEVEL = "-Onone";
			};
			name = Debug;
		};
		14C19BE32C5E7E5F00BD155B /* Release */ = {
			isa = XCBuildConfiguration;
			buildSettings = {
				ALWAYS_SEARCH_USER_PATHS = NO;
				ASSETCATALOG_COMPILER_GENERATE_SWIFT_ASSET_SYMBOL_EXTENSIONS = YES;
				CLANG_ANALYZER_NONNULL = YES;
				CLANG_ANALYZER_NUMBER_OBJECT_CONVERSION = YES_AGGRESSIVE;
				CLANG_CXX_LANGUAGE_STANDARD = "gnu++20";
				CLANG_ENABLE_MODULES = YES;
				CLANG_ENABLE_OBJC_ARC = YES;
				CLANG_ENABLE_OBJC_WEAK = YES;
				CLANG_WARN_BLOCK_CAPTURE_AUTORELEASING = YES;
				CLANG_WARN_BOOL_CONVERSION = YES;
				CLANG_WARN_COMMA = YES;
				CLANG_WARN_CONSTANT_CONVERSION = YES;
				CLANG_WARN_DEPRECATED_OBJC_IMPLEMENTATIONS = YES;
				CLANG_WARN_DIRECT_OBJC_ISA_USAGE = YES_ERROR;
				CLANG_WARN_DOCUMENTATION_COMMENTS = YES;
				CLANG_WARN_EMPTY_BODY = YES;
				CLANG_WARN_ENUM_CONVERSION = YES;
				CLANG_WARN_INFINITE_RECURSION = YES;
				CLANG_WARN_INT_CONVERSION = YES;
				CLANG_WARN_NON_LITERAL_NULL_CONVERSION = YES;
				CLANG_WARN_OBJC_IMPLICIT_RETAIN_SELF = YES;
				CLANG_WARN_OBJC_LITERAL_CONVERSION = YES;
				CLANG_WARN_OBJC_ROOT_CLASS = YES_ERROR;
				CLANG_WARN_QUOTED_INCLUDE_IN_FRAMEWORK_HEADER = YES;
				CLANG_WARN_RANGE_LOOP_ANALYSIS = YES;
				CLANG_WARN_STRICT_PROTOTYPES = YES;
				CLANG_WARN_SUSPICIOUS_MOVE = YES;
				CLANG_WARN_UNGUARDED_AVAILABILITY = YES_AGGRESSIVE;
				CLANG_WARN_UNREACHABLE_CODE = YES;
				CLANG_WARN__DUPLICATE_METHOD_MATCH = YES;
				COPY_PHASE_STRIP = NO;
				DEBUG_INFORMATION_FORMAT = "dwarf-with-dsym";
				ENABLE_NS_ASSERTIONS = NO;
				ENABLE_STRICT_OBJC_MSGSEND = YES;
				ENABLE_USER_SCRIPT_SANDBOXING = YES;
				GCC_C_LANGUAGE_STANDARD = gnu17;
				GCC_NO_COMMON_BLOCKS = YES;
				GCC_WARN_64_TO_32_BIT_CONVERSION = YES;
				GCC_WARN_ABOUT_RETURN_TYPE = YES_ERROR;
				GCC_WARN_UNDECLARED_SELECTOR = YES;
				GCC_WARN_UNINITIALIZED_AUTOS = YES_AGGRESSIVE;
				GCC_WARN_UNUSED_FUNCTION = YES;
				GCC_WARN_UNUSED_VARIABLE = YES;
				IPHONEOS_DEPLOYMENT_TARGET = 17.5;
				LOCALIZATION_PREFERS_STRING_CATALOGS = YES;
				MTL_ENABLE_DEBUG_INFO = NO;
				MTL_FAST_MATH = YES;
				SDKROOT = iphoneos;
				SWIFT_COMPILATION_MODE = wholemodule;
				VALIDATE_PRODUCT = YES;
			};
			name = Release;
		};
		14C19BE52C5E7E5F00BD155B /* Debug */ = {
			isa = XCBuildConfiguration;
			buildSettings = {
				ASSETCATALOG_COMPILER_APPICON_NAME = AppIcon;
				ASSETCATALOG_COMPILER_GLOBAL_ACCENT_COLOR_NAME = AccentColor;
				CODE_SIGN_STYLE = Automatic;
				CURRENT_PROJECT_VERSION = 1;
				DEVELOPMENT_ASSET_PATHS = "\"SnowSeeker/Preview Content\"";
				DEVELOPMENT_TEAM = 9NN82TY5ZM;
				ENABLE_PREVIEWS = YES;
				GENERATE_INFOPLIST_FILE = YES;
				INFOPLIST_KEY_UIApplicationSceneManifest_Generation = YES;
				INFOPLIST_KEY_UIApplicationSupportsIndirectInputEvents = YES;
				INFOPLIST_KEY_UILaunchScreen_Generation = YES;
				INFOPLIST_KEY_UISupportedInterfaceOrientations_iPad = "UIInterfaceOrientationPortrait UIInterfaceOrientationPortraitUpsideDown UIInterfaceOrientationLandscapeLeft UIInterfaceOrientationLandscapeRight";
				INFOPLIST_KEY_UISupportedInterfaceOrientations_iPhone = "UIInterfaceOrientationPortrait UIInterfaceOrientationLandscapeLeft UIInterfaceOrientationLandscapeRight";
				LD_RUNPATH_SEARCH_PATHS = (
					"$(inherited)",
					"@executable_path/Frameworks",
				);
				MARKETING_VERSION = 1.0;
				PRODUCT_BUNDLE_IDENTIFIER = me.florentino.igor.SnowSeeker;
				PRODUCT_NAME = "$(TARGET_NAME)";
				SWIFT_EMIT_LOC_STRINGS = YES;
				SWIFT_VERSION = 5.0;
				TARGETED_DEVICE_FAMILY = "1,2";
			};
			name = Debug;
		};
		14C19BE62C5E7E5F00BD155B /* Release */ = {
			isa = XCBuildConfiguration;
			buildSettings = {
				ASSETCATALOG_COMPILER_APPICON_NAME = AppIcon;
				ASSETCATALOG_COMPILER_GLOBAL_ACCENT_COLOR_NAME = AccentColor;
				CODE_SIGN_STYLE = Automatic;
				CURRENT_PROJECT_VERSION = 1;
				DEVELOPMENT_ASSET_PATHS = "\"SnowSeeker/Preview Content\"";
				DEVELOPMENT_TEAM = 9NN82TY5ZM;
				ENABLE_PREVIEWS = YES;
				GENERATE_INFOPLIST_FILE = YES;
				INFOPLIST_KEY_UIApplicationSceneManifest_Generation = YES;
				INFOPLIST_KEY_UIApplicationSupportsIndirectInputEvents = YES;
				INFOPLIST_KEY_UILaunchScreen_Generation = YES;
				INFOPLIST_KEY_UISupportedInterfaceOrientations_iPad = "UIInterfaceOrientationPortrait UIInterfaceOrientationPortraitUpsideDown UIInterfaceOrientationLandscapeLeft UIInterfaceOrientationLandscapeRight";
				INFOPLIST_KEY_UISupportedInterfaceOrientations_iPhone = "UIInterfaceOrientationPortrait UIInterfaceOrientationLandscapeLeft UIInterfaceOrientationLandscapeRight";
				LD_RUNPATH_SEARCH_PATHS = (
					"$(inherited)",
					"@executable_path/Frameworks",
				);
				MARKETING_VERSION = 1.0;
				PRODUCT_BUNDLE_IDENTIFIER = me.florentino.igor.SnowSeeker;
				PRODUCT_NAME = "$(TARGET_NAME)";
				SWIFT_EMIT_LOC_STRINGS = YES;
				SWIFT_VERSION = 5.0;
				TARGETED_DEVICE_FAMILY = "1,2";
			};
			name = Release;
		};
/* End XCBuildConfiguration section */

/* Begin XCConfigurationList section */
		14C19BD12C5E7E5D00BD155B /* Build configuration list for PBXProject "SnowSeeker" */ = {
			isa = XCConfigurationList;
			buildConfigurations = (
				14C19BE22C5E7E5F00BD155B /* Debug */,
				14C19BE32C5E7E5F00BD155B /* Release */,
			);
			defaultConfigurationIsVisible = 0;
			defaultConfigurationName = Release;
		};
		14C19BE42C5E7E5F00BD155B /* Build configuration list for PBXNativeTarget "SnowSeeker" */ = {
			isa = XCConfigurationList;
			buildConfigurations = (
				14C19BE52C5E7E5F00BD155B /* Debug */,
				14C19BE62C5E7E5F00BD155B /* Release */,
			);
			defaultConfigurationIsVisible = 0;
			defaultConfigurationName = Release;
		};
/* End XCConfigurationList section */
	};
	rootObject = 14C19BCE2C5E7E5D00BD155B /* Project object */;
}
